{"SurveyEntry": {"LastModified": "2016-02-15 22:13:13", "SurveyCreationDate": "2016-02-15 12:34:04", "SurveyExpirationDate": "0000-00-00 00:00:00", "LastActivated": "0000-00-00 00:00:00", "SurveyDescription": null, "SurveyName": "property-verification", "SurveyActiveResponseSet": "RS_cZkD82FEoyKVqtv", "SurveyID": "SV_cYZ1zBPAA0LtKjb", "SurveyLanguage": "EN", "SurveyStatus": "Inactive", "CreatorID": "UR_3yiQbNZVD204sE5", "SurveyStartDate": "0000-00-00 00:00:00", "DivisionID": null, "SurveyOwnerID": "UR_3yiQbNZVD204sE5", "Deleted": null, "LastAccessed": "0000-00-00 00:00:00", "SurveyBrandID": "uwmadison"}, "SurveyElements": [{"SecondaryAttribute": null, "TertiaryAttribute": null, "Element": "BL", "SurveyID": "SV_cYZ1zBPAA0LtKjb", "Payload": [{"BlockElements": [{"QuestionID": "QID1", "Type": "Question"}], "Options": {"LoopingOptions": null, "Looping": "None", "BlockLocking": "false", "RandomizeQuestions": "false"}, "Type": "Default", "Description": "Default Question Block", "ID": "BL_aaFeFxx78KhuehL"}, {"Type": "Trash", "Description": "Trash / Unused Questions", "ID": "BL_e8PeYikcUJw1rM1"}], "PrimaryAttribute": "Survey Blocks"}, {"SecondaryAttribute": null, "TertiaryAttribute": null, "Element": "FL", "SurveyID": "SV_cYZ1zBPAA0LtKjb", "Payload": {"FlowID": "FL_1", "Type": "Root", "Flow": [{"FlowID": "FL_2", "Type": "Block", "ID": "BL_aaFeFxx78KhuehL"}], "Properties": {"Count": 2}}, "PrimaryAttribute": "Survey Flow"}, {"SecondaryAttribute": null, "TertiaryAttribute": null, "Element": "SO", "SurveyID": "SV_cYZ1zBPAA0LtKjb", "Payload": {"PageTransition": "Fade", "footerMid": "", "SurveyExpiration": "None", "ProgressBarDisplay": "None", "BackButton": "false", "NextButton": "  >>  ", "CustomStyles": {"questionSeparatorStyles": {"styles": {"display": "block", "backgroundColor": null}, "selector": ".Skin .Separator"}, "textStyles": {"styles": {"fontStyle": null, "textDecoration": null, "fontWeight": null, "color": null, "fontFamily": null, "fontSize": null}, "selector": ".SkinInner"}, "customCSS": null, "choiceStyles": {"styles": {"fontStyle": null, "textDecoration": null, "fontWeight": null, "color": null, "fontFamily": null, "fontSize": null}, "selector": ".Skin .horizontalbar th.ylabel, .Skin .Matrix table td, .Skin .Matrix table th, .Skin .Matrix table thead th, .Skin .Matrix table thead td, .Skin .PGR .DragAndDrop .Items label, .Skin .QuestionBody ul.ChoiceStructure, .Skin .PGR .DragAndDrop .Group ul, .Skin .PGR .DragAndDrop .Group h2, .Skin .PGR .DragAndDrop .Items ul, .Skin .PGR .DragAndDrop .Items h2, .Skin .DD .QuestionBody table.ChoiceStructure, .Skin .PGR .DragAndDrop .NoColumns td.groupsContainerTd div ul, .Skin .PGR .DragAndDrop .NoColumns td.groupsContainerTd div h2, .Skin .SBS thead th, .Skin .SBS td, .Skin .SBS .Answers td, .Skin .SBS .Answers th, .SBS table.ChoiceStructure, .Skin .horizontalbar thead table.LabelDescriptions tr td, .Skin .horizontalbar thead tr td.NotApplicable, .QuestionBody th, .Skin .QuestionBody .MC .MAVR label, .Skin .QuestionBody .MC .SAVR label, .Skin .SBS thead th, .Skin .SBS td, .Skin .RO .DND ul li, .Skin .reg, .SkinInner .ChoiceStructure, .Skin thead, .Skin .GAP .ChoiceStructure thead th, .Skin .GAP .ChoiceStructure .c4, .Skin .GAP .ChoiceStructure th, .Skin .GAP .ChoiceStructure .WhyText, .SkinInner .ChoiceStructure .LightBG, .Skin .QuestionOuter.Highlight .Inner .reg, .Skin .QuestionOuter.Highlight .Inner .alt, .Skin .QuestionOuter.Highlight .Inner .ReadableAlt       "}, "borderStyles": {"styles": {"borderColor": null}, "selector": ".Skin .CS .horizontalbar table.sliderGrid tr.xlabel th, .Skin .CS .horizontalbar .ylabel, .Skin .CS .horizontalbar table.sliderGrid tr td.value, .Skin .Slider .horizontalbar table.sliderGrid tr.xlabel th, .Skin .BorderColor, .Skin .DarkBorderColor, .Skin .Slider .horizontalbar table.sliderGrid tr td.value, .Skin thead, .Skin .GAP .ChoiceStructure thead th  "}, "headerStyles": {"styles": {"color": null}, "selector": ".Skin div#Header"}, "footerStyles": {"styles": {"color": null}, "selector": ".Skin #Footer"}, "questionStyles": {"styles": {"fontStyle": null, "textDecoration": null, "fontWeight": null, "color": null, "fontFamily": null, "fontSize": null}, "selector": ".Skin .QuestionText"}, "altRowStyles": {"styles": {"backgroundColor": null}, "selector": ".Skin .ReadableAlt, .Skin .LightBG"}, "textEntryStyles": {"styles": {"color": null}, "selector": ".Skin select, .Skin .InputText"}, "errorStyles": {"styles": {"color": null, "borderColor": null, "backgroundColor": null}, "selector": ".Skin .ValidationError"}, "errorStylesBG": {"styles": {"color": null, "backgroundColor": null}, "selector": ".Skin .HeaderValidationError, .Skin .HeaderValidationError li a"}, "pageStyles": {"styles": {"backgroundColor": null}, "selector": "#SurveyEngineBody"}, "highlightStylesAlt": {"styles": {"backgroundColor": null}, "selector": ".Skin .QuestionOuter.Highlight .Inner .ReadableAlt, .Skin .QuestionOuter.Highlight .Inner .LightBG"}, "highlightStyles": {"styles": {"backgroundColor": null}, "selector": ".Skin .QuestionOuter.Highlight .Inner, .Skin .QuestionOuter.Highlight .Inner .reg, .Skin .QuestionOuter.Highlight .Inner .alt, .Skin .QuestionOuter.Highlight .Inner .ReadableAlt"}}, "SaveAndContinue": "true", "NewScoring": 1, "previousButtonMid": "", "SurveyProtection": "PublicSurvey", "headerMid": "", "NoIndex": "Yes", "Footer": "", "SkinType": "MQ", "SkinLibrary": "uwmadison", "nextButtonMid": "", "libraryId": "", "ValidationMessage": "", "SurveyTermination": "DefaultMessage", "HighlightQuestions": "off", "PreviousButton": "  <<  ", "BallotBoxStuffingPrevention": "false", "QuestionsPerPage": "10", "Header": "", "ExternalCSS": null, "Skin": "uwmadison1_possible", "PartialData": "+1 week"}, "PrimaryAttribute": "Survey Options"}, {"SecondaryAttribute": null, "TertiaryAttribute": null, "Element": "SCO", "SurveyID": "SV_cYZ1zBPAA0LtKjb", "Payload": {"ScoringSummaryAfterQuestions": 0, "ScoringSummaryCategory": null, "ScoringCategoryGroups": [], "ScoringSummaryAfterSurvey": 0, "DefaultScoringCategory": null, "ScoringCategories": [], "AutoScoringCategory": null}, "PrimaryAttribute": "Scoring"}, {"SecondaryAttribute": null, "TertiaryAttribute": null, "Element": "STAT", "SurveyID": "SV_cYZ1zBPAA0LtKjb", "Payload": {"MobileCompatible": false, "ID": "Survey Statistics"}, "PrimaryAttribute": "Survey Statistics"}, {"SecondaryAttribute": "1", "TertiaryAttribute": null, "Element": "QC", "SurveyID": "SV_cYZ1zBPAA0LtKjb", "Payload": null, "PrimaryAttribute": "Survey Question Count"}, {"SecondaryAttribute": "Default Response Set", "TertiaryAttribute": null, "Element": "RS", "SurveyID": "SV_cYZ1zBPAA0LtKjb", "Payload": null, "PrimaryAttribute": "RS_cZkD82FEoyKVqtv"}, {"SecondaryAttribute": "How much do you picture the object in your mind\u2019s eye to answer each of the questions below?", "TertiaryAttribute": null, "Element": "SQ", "SurveyID": "SV_cYZ1zBPAA0LtKjb", "Payload": {"QuestionType": "Slider", "QuestionID": "QID1", "Validation": {"Settings": {"ForceResponseType": "ON", "Type": "None", "ForceResponse": "OFF"}}, "QuestionText": "<p><span class=\"s1\">How much do you picture the object in your mind\u2019s eye to answer each of the questions below?</span></p>", "Language": [], "Labels": [], "GradingData": [], "Selector": "HSLIDER", "QuestionDescription": "How much do you picture the object in your mind\u2019s eye to answer each of the questions below?", "DefaultChoices": false, "ChoiceOrder": [1, 2, 3, 4, 5, 6, 7, 8, 9, 10, 11, 12, 13, 14, 15, 16, 17, 18, 19, 20, 21, 22, 23, 24, 25, 26, 27, 28, 29, 30, 31, 32, 33, 34, 35, 36, 37, 38, 39, 40, 41, 42, 43, 44, 45, 46, 47, 48, 49, 50, 51, 52, 53, 54, 55, 56, 57, 58, 59, 60, 61, 62, 63, 64, 65, 66, 67, 68, 69, 70, 71, 72, 73, 74, 75, 76, 77, 78, 79, 80, 81, 82, 83, 84, 85, 86, 87, 88, 89, 90, 91, 92, 93, 94, 95, 96, 97, 98, 99, 100], "DataExportTag": "Q1", "Choices": {"24": {"Display": "Does a jacket have sleeves?"}, "25": {"Display": "Does a jacket have pockets?"}, "26": {"Display": "Does a jacket have a zipper?"}, "27": {"Display": "Does a lion have a tail?"}, "20": {"Display": "Does a giraffe have long legs?"}, "21": {"Display": "Is a giraffe tall?"}, "22": {"Display": "Does a grasshopper have legs?"}, "23": {"Display": "Is a grasshopper green?"}, "28": {"Display": "Does a mouse have a tail?"}, "29": {"Display": "Is a mouse grey?"}, "4": {"Display": "Is a banana yellow?"}, "8": {"Display": "Is a camel large?"}, "59": {"Display": "Is a bottle used for holding things?"}, "58": {"Display": "Is a bottle used for holding liquids?"}, "55": {"Display": "Does a bike have different speeds?"}, "54": {"Display": "Does a banana grow in tropical climates?"}, "57": {"Display": "Is a bottle a container?"}, "56": {"Display": "Is a bottle breakable?"}, "51": {"Display": "Is an alligator an animal?"}, "50": {"Display": "Does a zebra have stripes?"}, "53": {"Display": "Does an apple grow on trees?"}, "52": {"Display": "Is an apple used for cider?"}, "88": {"Display": "Does a rabbit eat carrots?"}, "89": {"Display": "Does a raccoon produce offspring?"}, "82": {"Display": "Does a mouse eat?"}, "83": {"Display": "Does a pig like mud?"}, "80": {"Display": "Is a lion a carnivore?"}, "81": {"Display": "Is a mouse an animal?"}, "86": {"Display": "Is a pineapple juicy?"}, "87": {"Display": "Is a pineapple tropical?"}, "84": {"Display": "Is a pig smelly?"}, "85": {"Display": "Does a pig live on farms?"}, "3": {"Display": "Is an apple round?"}, "7": {"Display": "Is a camel beige?"}, "100": {"Display": "Is a zebra an animal?"}, "39": {"Display": "Is a strawberry red?"}, "38": {"Display": "Does a rabbit have whiskers?"}, "33": {"Display": "Is a pig pink?"}, "32": {"Display": "Does a pig have legs?"}, "31": {"Display": "Is a penguin black?"}, "30": {"Display": "Does a penguin have feet?"}, "37": {"Display": "Does a rabbit have feet?"}, "36": {"Display": "Does a rabbit have ears?"}, "35": {"Display": "Does a pineapple have an inside?"}, "34": {"Display": "Does a pig have a snout?"}, "60": {"Display": "Does a camel eat?"}, "61": {"Display": "Does a camel spit?"}, "62": {"Display": "Does a camel drink water?"}, "63": {"Display": "Is a chair used for relaxing?"}, "64": {"Display": "Is a chair used for sitting on?"}, "65": {"Display": "Is a chair found at tables?"}, "66": {"Display": "Does a chicken live in a coop?"}, "67": {"Display": "Is a deer fast?"}, "68": {"Display": "Does a dog bark?"}, "69": {"Display": "Does a donkey make noises?"}, "2": {"Display": "Is an alligator long?"}, "6": {"Display": "Does a banana have a skin?"}, "99": {"Display": "Does a zebra live in Africa?"}, "98": {"Display": "Is a train loud?"}, "91": {"Display": "Does a strawberry taste good?"}, "90": {"Display": "Is a raccoon furry?"}, "93": {"Display": "Does a swan live on water?"}, "92": {"Display": "Is a strawberry a fruit?"}, "95": {"Display": "Is a table used for eating on?"}, "94": {"Display": "Does a swan lay eggs?"}, "97": {"Display": "Does a tiger live in India?"}, "96": {"Display": "Is a table found in kitchens?"}, "11": {"Display": "Does a camel have a hump?"}, "10": {"Display": "Is a camel brown?"}, "13": {"Display": "Does a dog have hair?"}, "12": {"Display": "Does a deer have four legs?"}, "15": {"Display": "Does a donkey have a tail?"}, "14": {"Display": "Does a donkey have hooves?"}, "17": {"Display": "Does a donkey have legs?"}, "16": {"Display": "Does a donkey have four legs?"}, "19": {"Display": "Does an elephant have ears?"}, "18": {"Display": "Does an elephant have four legs?"}, "48": {"Display": "Does a zebra have hooves?"}, "49": {"Display": "Does a zebra have four legs?"}, "46": {"Display": "Is a toad small?"}, "47": {"Display": "Does a train have an engine?"}, "44": {"Display": "Is a table made of wood?"}, "45": {"Display": "Does a tiger have whiskers?"}, "42": {"Display": "Does a swan have feathers?"}, "43": {"Display": "Is a table flat?"}, "40": {"Display": "Does a swan have wings?"}, "41": {"Display": "Does a swan have a long neck?"}, "1": {"Display": "Does an alligator have jaws?"}, "5": {"Display": "Does a banana have a peel?"}, "9": {"Display": "Does a camel have legs?"}, "77": {"Display": "Is a jacket clothing?"}, "76": {"Display": "Is a jacket worn for the rain?"}, "75": {"Display": "Does a giraffe eat leaves?"}, "74": {"Display": "Does a giraffe live in zoos?"}, "73": {"Display": "Does an elephant eat peanuts?"}, "72": {"Display": "Does an elephant live in Africa?"}, "71": {"Display": "Is an elephant an animal?"}, "70": {"Display": "Is a donkey furry?"}, "79": {"Display": "Is a lion an animal?"}, "78": {"Display": "Does a lion roar?"}}, "Configuration": {"GridLines": 10, "CSSliderMax": 100, "SliderStartPositions": {"24": 0, "25": 0, "26": 0, "27": 0, "20": 0, "21": 0, "22": 0, "23": 0, "28": 0, "29": 0, "4": 0, "8": 0, "59": 0, "58": 0, "55": 0, "54": 0, "57": 0, "56": 0, "51": 0, "50": 0, "53": 0, "52": 0, "88": 0, "89": 0, "82": 0, "83": 0, "80": 0, "81": 0, "86": 0, "87": 0, "84": 0, "85": 0, "3": 0, "7": 0, "100": 0, "39": 0, "38": 0, "33": 0, "32": 0, "31": 0, "30": 0, "37": 0, "36": 0, "35": 0, "34": 0, "60": 0, "61": 0, "62": 0, "63": 0, "64": 0, "65": 0, "66": 0, "67": 0, "68": 0, "69": 0, "2": 0, "6": 0, "99": 0, "98": 0, "91": 0, "90": 0, "93": 0, "92": 0, "95": 0, "94": 0, "97": 0, "96": 0, "11": 0, "10": 0, "13": 0, "12": 0, "15": 0, "14": 0, "17": 0, "16": 0, "19": 0, "18": 0, "48": 0, "49": 0, "46": 0, "47": 0, "44": 0, "45": 0, "42": 0, "43": 0, "40": 0, "41": 0, "1": 0, "5": 0, "9": 0, "77": 0, "76": 0, "75": 0, "74": 0, "73": 0, "72": 0, "71": 0, "70": 0, "79": 0, "78": 0}, "CustomStart": true, "SnapToGrid": false, "NumDecimals": "0", "QuestionDescriptionOption": "UseText", "NotApplicable": false, "MobileFirst": true, "ShowValue": true, "CSSliderMin": 0}}, "PrimaryAttribute": "QID1"}]}